
Microsoft Visual Studio Solution File, Format Version 12.00
# Visual Studio Version 17
VisualStudioVersion = 17.4.33020.496
MinimumVisualStudioVersion = 10.0.40219.1
Project("{9A19103F-16F7-4668-BE54-9A1E7A4F7556}") = "PrimeBlazor", "PrimeBlazor\PrimeBlazor.csproj", "{42A98F46-A83A-46F2-8769-A57C822C0926}"
EndProject
Project("{9A19103F-16F7-4668-BE54-9A1E7A4F7556}") = "PrimeBlazorApp", "PrimeBlazorApp\PrimeBlazorApp.csproj", "{130DE424-C53D-4CDB-A7E1-CE5DE5D52C4E}"
EndProject
Global
	GlobalSection(SolutionConfigurationPlatforms) = preSolution
		Debug|Any CPU = Debug|Any CPU
		Release|Any CPU = Release|Any CPU
	EndGlobalSection
	GlobalSection(ProjectConfigurationPlatforms) = postSolution
		{42A98F46-A83A-46F2-8769-A57C822C0926}.Debug|Any CPU.ActiveCfg = Debug|Any CPU
		{42A98F46-A83A-46F2-8769-A57C822C0926}.Debug|Any CPU.Build.0 = Debug|Any CPU
		{42A98F46-A83A-46F2-8769-A57C822C0926}.Release|Any CPU.ActiveCfg = Release|Any CPU
		{42A98F46-A83A-46F2-8769-A57C822C0926}.Release|Any CPU.Build.0 = Release|Any CPU
		{130DE424-C53D-4CDB-A7E1-CE5DE5D52C4E}.Debug|Any CPU.ActiveCfg = Debug|Any CPU
		{130DE424-C53D-4CDB-A7E1-CE5DE5D52C4E}.Debug|Any CPU.Build.0 = Debug|Any CPU
		{130DE424-C53D-4CDB-A7E1-CE5DE5D52C4E}.Release|Any CPU.ActiveCfg = Release|Any CPU
		{130DE424-C53D-4CDB-A7E1-CE5DE5D52C4E}.Release|Any CPU.Build.0 = Release|Any CPU
	EndGlobalSection
	GlobalSection(SolutionProperties) = preSolution
		HideSolutionNode = FALSE
	EndGlobalSection
	GlobalSection(ExtensibilityGlobals) = postSolution
		SolutionGuid = {D9138D61-21F4-471A-90B3-9632B8E781F6}
	EndGlobalSection
EndGlobal
